{
  "name": "cow-fuel-dashboard",
  "version": "1.0.0",
  "lockfileVersion": 3,
  "requires": true,
  "packages": {
    "": {
      "name": "cow-fuel-dashboard",
      "version": "1.0.0",
      "hasInstallScript": true,
      "devDependencies": {},
      "engines": {
        "node": ">=16.0.0"
      }
    }
  }
}
